// !$*UTF8*$!
{
	archiveVersion = 1;
	classes = {
	};
	objectVersion = 55;
	objects = {

/* Begin PBXBuildFile section */
		5A7C1F758EA1BDA64713ECC7 /* Pods_Chatting.framework in Frameworks */ = {isa = PBXBuildFile; fileRef = 97D9256B1437004C70E02304 /* Pods_Chatting.framework */; };
		E81AC33227AB5F4A002511B8 /* WebViewVC+Naver.swift in Sources */ = {isa = PBXBuildFile; fileRef = E81AC33127AB5F4A002511B8 /* WebViewVC+Naver.swift */; };
		E81AC38A27B0D0D0002511B8 /* ChatView+Init.swift in Sources */ = {isa = PBXBuildFile; fileRef = E81AC38927B0D0D0002511B8 /* ChatView+Init.swift */; };
		E81AC38C27B0D658002511B8 /* FontManager.swift in Sources */ = {isa = PBXBuildFile; fileRef = E81AC38B27B0D658002511B8 /* FontManager.swift */; };
		E81AC38F27B1F741002511B8 /* ViewController.swift in Sources */ = {isa = PBXBuildFile; fileRef = E81AC38E27B1F741002511B8 /* ViewController.swift */; };
		E86FB4A8279A7A220076F549 /* ProfileView.swift in Sources */ = {isa = PBXBuildFile; fileRef = E86FB4A7279A7A220076F549 /* ProfileView.swift */; };
		E86FB4AA279A7A2C0076F549 /* ProfileView.xib in Resources */ = {isa = PBXBuildFile; fileRef = E86FB4A9279A7A2C0076F549 /* ProfileView.xib */; };
		E86FB4AC279A81FF0076F549 /* ProfileView+Gesture.swift in Sources */ = {isa = PBXBuildFile; fileRef = E86FB4AB279A81FF0076F549 /* ProfileView+Gesture.swift */; };
		E86FB4AE279A997B0076F549 /* ProfileViewModel.swift in Sources */ = {isa = PBXBuildFile; fileRef = E86FB4AD279A997B0076F549 /* ProfileViewModel.swift */; };
		E86FB4B0279A9A470076F549 /* ProfileView+Init.swift in Sources */ = {isa = PBXBuildFile; fileRef = E86FB4AF279A9A470076F549 /* ProfileView+Init.swift */; };
		E86FB4B2279AA9EA0076F549 /* roundCorner.swift in Sources */ = {isa = PBXBuildFile; fileRef = E86FB4B1279AA9EA0076F549 /* roundCorner.swift */; };
		E86FB4B6279F6B640076F549 /* SystemChatCell.swift in Sources */ = {isa = PBXBuildFile; fileRef = E86FB4B4279F6B640076F549 /* SystemChatCell.swift */; };
		E86FB4B7279F6B640076F549 /* SystemChatCell.xib in Resources */ = {isa = PBXBuildFile; fileRef = E86FB4B5279F6B640076F549 /* SystemChatCell.xib */; };
		E86FB4B9279F77560076F549 /* ChatSocketManager.swift in Sources */ = {isa = PBXBuildFile; fileRef = E86FB4B8279F77560076F549 /* ChatSocketManager.swift */; };
		E86FB4BB279F77910076F549 /* SocketServiceProvider.swift in Sources */ = {isa = PBXBuildFile; fileRef = E86FB4BA279F77910076F549 /* SocketServiceProvider.swift */; };
		E86FB4BD279F78FA0076F549 /* SocketService.swift in Sources */ = {isa = PBXBuildFile; fileRef = E86FB4BC279F78FA0076F549 /* SocketService.swift */; };
		E86FB4C3279F813F0076F549 /* MemberInfo.swift in Sources */ = {isa = PBXBuildFile; fileRef = E86FB4C2279F813F0076F549 /* MemberInfo.swift */; };
		E86FB4E827A268A80076F549 /* ani_live_like_full.json in Resources */ = {isa = PBXBuildFile; fileRef = E86FB4E727A268A80076F549 /* ani_live_like_full.json */; };
		E86FB4F427A28CA40076F549 /* ChatSocketService.swift in Sources */ = {isa = PBXBuildFile; fileRef = E86FB4F327A28CA40076F549 /* ChatSocketService.swift */; };
		E86FB4FA27A3BF450076F549 /* an_like_02.webp in Resources */ = {isa = PBXBuildFile; fileRef = E86FB4F527A3BF440076F549 /* an_like_02.webp */; };
		E86FB4FB27A3BF450076F549 /* an_like_01.webp in Resources */ = {isa = PBXBuildFile; fileRef = E86FB4F627A3BF450076F549 /* an_like_01.webp */; };
		E86FB4FC27A3BF450076F549 /* an_like_04.webp in Resources */ = {isa = PBXBuildFile; fileRef = E86FB4F727A3BF450076F549 /* an_like_04.webp */; };
		E86FB4FD27A3BF450076F549 /* an_like_05.webp in Resources */ = {isa = PBXBuildFile; fileRef = E86FB4F827A3BF450076F549 /* an_like_05.webp */; };
		E86FB4FE27A3BF450076F549 /* an_like_03.webp in Resources */ = {isa = PBXBuildFile; fileRef = E86FB4F927A3BF450076F549 /* an_like_03.webp */; };
		E88D58912794FC80003A4910 /* AppDelegate.swift in Sources */ = {isa = PBXBuildFile; fileRef = E88D58902794FC80003A4910 /* AppDelegate.swift */; };
		E88D58932794FC80003A4910 /* SceneDelegate.swift in Sources */ = {isa = PBXBuildFile; fileRef = E88D58922794FC80003A4910 /* SceneDelegate.swift */; };
		E88D58982794FC80003A4910 /* Main.storyboard in Resources */ = {isa = PBXBuildFile; fileRef = E88D58962794FC80003A4910 /* Main.storyboard */; };
		E88D589A2794FC81003A4910 /* Assets.xcassets in Resources */ = {isa = PBXBuildFile; fileRef = E88D58992794FC81003A4910 /* Assets.xcassets */; };
		E88D589D2794FC81003A4910 /* LaunchScreen.storyboard in Resources */ = {isa = PBXBuildFile; fileRef = E88D589B2794FC81003A4910 /* LaunchScreen.storyboard */; };
		E88D58AA2794FEFB003A4910 /* ChatCell.swift in Sources */ = {isa = PBXBuildFile; fileRef = E88D58A82794FEFB003A4910 /* ChatCell.swift */; };
		E88D58AB2794FEFB003A4910 /* ChatCell.xib in Resources */ = {isa = PBXBuildFile; fileRef = E88D58A92794FEFB003A4910 /* ChatCell.xib */; };
		E88D58B62794FF56003A4910 /* ColorManager.swift in Sources */ = {isa = PBXBuildFile; fileRef = E88D58AE2794FF55003A4910 /* ColorManager.swift */; };
		E88D58B72794FF56003A4910 /* NotoSansKR-Light.otf in Resources */ = {isa = PBXBuildFile; fileRef = E88D58B02794FF56003A4910 /* NotoSansKR-Light.otf */; };
		E88D58B82794FF56003A4910 /* NotoSansKR-Bold.otf in Resources */ = {isa = PBXBuildFile; fileRef = E88D58B12794FF56003A4910 /* NotoSansKR-Bold.otf */; };
		E88D58B92794FF56003A4910 /* NotoSansKR-Thin.otf in Resources */ = {isa = PBXBuildFile; fileRef = E88D58B22794FF56003A4910 /* NotoSansKR-Thin.otf */; };
		E88D58BA2794FF56003A4910 /* NotoSansKR-Black.otf in Resources */ = {isa = PBXBuildFile; fileRef = E88D58B32794FF56003A4910 /* NotoSansKR-Black.otf */; };
		E88D58BB2794FF56003A4910 /* NotoSansKR-Medium.otf in Resources */ = {isa = PBXBuildFile; fileRef = E88D58B42794FF56003A4910 /* NotoSansKR-Medium.otf */; };
		E88D58BC2794FF56003A4910 /* NotoSansKR-Regular.otf in Resources */ = {isa = PBXBuildFile; fileRef = E88D58B52794FF56003A4910 /* NotoSansKR-Regular.otf */; };
		E88D58C12794FF89003A4910 /* ApiService.swift in Sources */ = {isa = PBXBuildFile; fileRef = E88D58C02794FF89003A4910 /* ApiService.swift */; };
		E88D58C5279522C9003A4910 /* ChatModel.swift in Sources */ = {isa = PBXBuildFile; fileRef = E88D58C4279522C9003A4910 /* ChatModel.swift */; };
		E88D58CF2795259B003A4910 /* ChatViewModel.swift in Sources */ = {isa = PBXBuildFile; fileRef = E88D58CE2795259B003A4910 /* ChatViewModel.swift */; };
		E88D58D1279525BE003A4910 /* ViewModelType.swift in Sources */ = {isa = PBXBuildFile; fileRef = E88D58D0279525BE003A4910 /* ViewModelType.swift */; };
		E88D58D327953059003A4910 /* ChatView.swift in Sources */ = {isa = PBXBuildFile; fileRef = E88D58D227953059003A4910 /* ChatView.swift */; };
		E88D58D527953065003A4910 /* ChatView.xib in Resources */ = {isa = PBXBuildFile; fileRef = E88D58D427953065003A4910 /* ChatView.xib */; };
		E88D58D727964917003A4910 /* ChatView+Table.swift in Sources */ = {isa = PBXBuildFile; fileRef = E88D58D627964917003A4910 /* ChatView+Table.swift */; };
		E88D58D9279693C0003A4910 /* ChatView+Scroll.swift in Sources */ = {isa = PBXBuildFile; fileRef = E88D58D8279693C0003A4910 /* ChatView+Scroll.swift */; };
		E88D58DB2796975F003A4910 /* ChatView+Keyboard.swift in Sources */ = {isa = PBXBuildFile; fileRef = E88D58DA2796975F003A4910 /* ChatView+Keyboard.swift */; };
		E88D58E02796AE79003A4910 /* ChatView+Gesture.swift in Sources */ = {isa = PBXBuildFile; fileRef = E88D58DF2796AE79003A4910 /* ChatView+Gesture.swift */; };
		E8CA3C542797D7BA00FE85F8 /* JoinViewModel.swift in Sources */ = {isa = PBXBuildFile; fileRef = E8CA3C532797D7BA00FE85F8 /* JoinViewModel.swift */; };
		E8CA3C562797D7C500FE85F8 /* JoinModel.swift in Sources */ = {isa = PBXBuildFile; fileRef = E8CA3C552797D7C500FE85F8 /* JoinModel.swift */; };
		E8CA3C5A2797D7E600FE85F8 /* JoinView.swift in Sources */ = {isa = PBXBuildFile; fileRef = E8CA3C592797D7E600FE85F8 /* JoinView.swift */; };
		E8CA3C5C2797D83400FE85F8 /* JoinView.xib in Resources */ = {isa = PBXBuildFile; fileRef = E8CA3C5B2797D83400FE85F8 /* JoinView.xib */; };
		E8CA3C642797E7BC00FE85F8 /* Gradient.swift in Sources */ = {isa = PBXBuildFile; fileRef = E8CA3C602797E7BC00FE85F8 /* Gradient.swift */; };
		E8CA3C652797E7BC00FE85F8 /* LetterSpacing.swift in Sources */ = {isa = PBXBuildFile; fileRef = E8CA3C612797E7BC00FE85F8 /* LetterSpacing.swift */; };
		E8CA3C662797E7BC00FE85F8 /* AddBorder.swift in Sources */ = {isa = PBXBuildFile; fileRef = E8CA3C622797E7BC00FE85F8 /* AddBorder.swift */; };
		E8CA3C672797E7BC00FE85F8 /* DateComparison.swift in Sources */ = {isa = PBXBuildFile; fileRef = E8CA3C632797E7BC00FE85F8 /* DateComparison.swift */; };
		E8CA3C692797EEFF00FE85F8 /* JoinView+Keyboard.swift in Sources */ = {isa = PBXBuildFile; fileRef = E8CA3C682797EEFF00FE85F8 /* JoinView+Keyboard.swift */; };
		E8CA3C6B2798D8F800FE85F8 /* JoinApiService.swift in Sources */ = {isa = PBXBuildFile; fileRef = E8CA3C6A2798D8F800FE85F8 /* JoinApiService.swift */; };
		E8CA3C6F2798D92000FE85F8 /* ApiServiceProvider.swift in Sources */ = {isa = PBXBuildFile; fileRef = E8CA3C6D2798D92000FE85F8 /* ApiServiceProvider.swift */; };
		E8CA3C702798D92000FE85F8 /* JoinApiManager.swift in Sources */ = {isa = PBXBuildFile; fileRef = E8CA3C6E2798D92000FE85F8 /* JoinApiManager.swift */; };
		E8CA3C742798F1CA00FE85F8 /* JoinView+ImagePicker.swift in Sources */ = {isa = PBXBuildFile; fileRef = E8CA3C732798F1CA00FE85F8 /* JoinView+ImagePicker.swift */; };
		E8CA3C762798F42900FE85F8 /* getRootVC.swift in Sources */ = {isa = PBXBuildFile; fileRef = E8CA3C752798F42900FE85F8 /* getRootVC.swift */; };
		E8CA3C782798FA8400FE85F8 /* JoinView+Gesture.swift in Sources */ = {isa = PBXBuildFile; fileRef = E8CA3C772798FA8400FE85F8 /* JoinView+Gesture.swift */; };
		E8CA3C7A2799151600FE85F8 /* JoinView+PickerView.swift in Sources */ = {isa = PBXBuildFile; fileRef = E8CA3C792799151600FE85F8 /* JoinView+PickerView.swift */; };
		E8CA3C7C279915EA00FE85F8 /* JoinView+Init.swift in Sources */ = {isa = PBXBuildFile; fileRef = E8CA3C7B279915EA00FE85F8 /* JoinView+Init.swift */; };
		E8CA3C7E2799490A00FE85F8 /* WebViewController.swift in Sources */ = {isa = PBXBuildFile; fileRef = E8CA3C7D2799490A00FE85F8 /* WebViewController.swift */; };
/* End PBXBuildFile section */

/* Begin PBXFileReference section */
		213B4E9FBF39D670DA3FC778 /* Pods-Chatting.debug.xcconfig */ = {isa = PBXFileReference; includeInIndex = 1; lastKnownFileType = text.xcconfig; name = "Pods-Chatting.debug.xcconfig"; path = "Target Support Files/Pods-Chatting/Pods-Chatting.debug.xcconfig"; sourceTree = "<group>"; };
		24E52B00F0A1EFEBA9136B74 /* Pods-Chatting.release.xcconfig */ = {isa = PBXFileReference; includeInIndex = 1; lastKnownFileType = text.xcconfig; name = "Pods-Chatting.release.xcconfig"; path = "Target Support Files/Pods-Chatting/Pods-Chatting.release.xcconfig"; sourceTree = "<group>"; };
		97D9256B1437004C70E02304 /* Pods_Chatting.framework */ = {isa = PBXFileReference; explicitFileType = wrapper.framework; includeInIndex = 0; path = Pods_Chatting.framework; sourceTree = BUILT_PRODUCTS_DIR; };
		E81AC33127AB5F4A002511B8 /* WebViewVC+Naver.swift */ = {isa = PBXFileReference; lastKnownFileType = sourcecode.swift; path = "WebViewVC+Naver.swift"; sourceTree = "<group>"; };
		E81AC38927B0D0D0002511B8 /* ChatView+Init.swift */ = {isa = PBXFileReference; lastKnownFileType = sourcecode.swift; path = "ChatView+Init.swift"; sourceTree = "<group>"; };
		E81AC38B27B0D658002511B8 /* FontManager.swift */ = {isa = PBXFileReference; lastKnownFileType = sourcecode.swift; path = FontManager.swift; sourceTree = "<group>"; };
		E81AC38E27B1F741002511B8 /* ViewController.swift */ = {isa = PBXFileReference; lastKnownFileType = sourcecode.swift; path = ViewController.swift; sourceTree = "<group>"; };
		E86FB4A7279A7A220076F549 /* ProfileView.swift */ = {isa = PBXFileReference; lastKnownFileType = sourcecode.swift; path = ProfileView.swift; sourceTree = "<group>"; };
		E86FB4A9279A7A2C0076F549 /* ProfileView.xib */ = {isa = PBXFileReference; lastKnownFileType = file.xib; path = ProfileView.xib; sourceTree = "<group>"; };
		E86FB4AB279A81FF0076F549 /* ProfileView+Gesture.swift */ = {isa = PBXFileReference; lastKnownFileType = sourcecode.swift; path = "ProfileView+Gesture.swift"; sourceTree = "<group>"; };
		E86FB4AD279A997B0076F549 /* ProfileViewModel.swift */ = {isa = PBXFileReference; lastKnownFileType = sourcecode.swift; path = ProfileViewModel.swift; sourceTree = "<group>"; };
		E86FB4AF279A9A470076F549 /* ProfileView+Init.swift */ = {isa = PBXFileReference; lastKnownFileType = sourcecode.swift; path = "ProfileView+Init.swift"; sourceTree = "<group>"; };
		E86FB4B1279AA9EA0076F549 /* roundCorner.swift */ = {isa = PBXFileReference; lastKnownFileType = sourcecode.swift; path = roundCorner.swift; sourceTree = "<group>"; };
		E86FB4B4279F6B640076F549 /* SystemChatCell.swift */ = {isa = PBXFileReference; lastKnownFileType = sourcecode.swift; path = SystemChatCell.swift; sourceTree = "<group>"; };
		E86FB4B5279F6B640076F549 /* SystemChatCell.xib */ = {isa = PBXFileReference; lastKnownFileType = file.xib; path = SystemChatCell.xib; sourceTree = "<group>"; };
		E86FB4B8279F77560076F549 /* ChatSocketManager.swift */ = {isa = PBXFileReference; lastKnownFileType = sourcecode.swift; path = ChatSocketManager.swift; sourceTree = "<group>"; };
		E86FB4BA279F77910076F549 /* SocketServiceProvider.swift */ = {isa = PBXFileReference; lastKnownFileType = sourcecode.swift; path = SocketServiceProvider.swift; sourceTree = "<group>"; };
		E86FB4BC279F78FA0076F549 /* SocketService.swift */ = {isa = PBXFileReference; lastKnownFileType = sourcecode.swift; path = SocketService.swift; sourceTree = "<group>"; };
		E86FB4C2279F813F0076F549 /* MemberInfo.swift */ = {isa = PBXFileReference; lastKnownFileType = sourcecode.swift; path = MemberInfo.swift; sourceTree = "<group>"; };
		E86FB4E727A268A80076F549 /* ani_live_like_full.json */ = {isa = PBXFileReference; fileEncoding = 4; lastKnownFileType = text.json; path = ani_live_like_full.json; sourceTree = "<group>"; };
		E86FB4F327A28CA40076F549 /* ChatSocketService.swift */ = {isa = PBXFileReference; lastKnownFileType = sourcecode.swift; path = ChatSocketService.swift; sourceTree = "<group>"; };
		E86FB4F527A3BF440076F549 /* an_like_02.webp */ = {isa = PBXFileReference; lastKnownFileType = file; path = an_like_02.webp; sourceTree = "<group>"; };
		E86FB4F627A3BF450076F549 /* an_like_01.webp */ = {isa = PBXFileReference; lastKnownFileType = file; path = an_like_01.webp; sourceTree = "<group>"; };
		E86FB4F727A3BF450076F549 /* an_like_04.webp */ = {isa = PBXFileReference; lastKnownFileType = file; path = an_like_04.webp; sourceTree = "<group>"; };
		E86FB4F827A3BF450076F549 /* an_like_05.webp */ = {isa = PBXFileReference; lastKnownFileType = file; path = an_like_05.webp; sourceTree = "<group>"; };
		E86FB4F927A3BF450076F549 /* an_like_03.webp */ = {isa = PBXFileReference; lastKnownFileType = file; path = an_like_03.webp; sourceTree = "<group>"; };
		E88D588D2794FC80003A4910 /* Chatting.app */ = {isa = PBXFileReference; explicitFileType = wrapper.application; includeInIndex = 0; path = Chatting.app; sourceTree = BUILT_PRODUCTS_DIR; };
		E88D58902794FC80003A4910 /* AppDelegate.swift */ = {isa = PBXFileReference; lastKnownFileType = sourcecode.swift; path = AppDelegate.swift; sourceTree = "<group>"; };
		E88D58922794FC80003A4910 /* SceneDelegate.swift */ = {isa = PBXFileReference; lastKnownFileType = sourcecode.swift; path = SceneDelegate.swift; sourceTree = "<group>"; };
		E88D58972794FC80003A4910 /* Base */ = {isa = PBXFileReference; lastKnownFileType = file.storyboard; name = Base; path = Base.lproj/Main.storyboard; sourceTree = "<group>"; };
		E88D58992794FC81003A4910 /* Assets.xcassets */ = {isa = PBXFileReference; lastKnownFileType = folder.assetcatalog; path = Assets.xcassets; sourceTree = "<group>"; };
		E88D589C2794FC81003A4910 /* Base */ = {isa = PBXFileReference; lastKnownFileType = file.storyboard; name = Base; path = Base.lproj/LaunchScreen.storyboard; sourceTree = "<group>"; };
		E88D589E2794FC81003A4910 /* Info.plist */ = {isa = PBXFileReference; lastKnownFileType = text.plist.xml; path = Info.plist; sourceTree = "<group>"; };
		E88D58A82794FEFB003A4910 /* ChatCell.swift */ = {isa = PBXFileReference; lastKnownFileType = sourcecode.swift; path = ChatCell.swift; sourceTree = "<group>"; };
		E88D58A92794FEFB003A4910 /* ChatCell.xib */ = {isa = PBXFileReference; lastKnownFileType = file.xib; path = ChatCell.xib; sourceTree = "<group>"; };
		E88D58AE2794FF55003A4910 /* ColorManager.swift */ = {isa = PBXFileReference; fileEncoding = 4; lastKnownFileType = sourcecode.swift; path = ColorManager.swift; sourceTree = "<group>"; };
		E88D58B02794FF56003A4910 /* NotoSansKR-Light.otf */ = {isa = PBXFileReference; lastKnownFileType = file; path = "NotoSansKR-Light.otf"; sourceTree = "<group>"; };
		E88D58B12794FF56003A4910 /* NotoSansKR-Bold.otf */ = {isa = PBXFileReference; lastKnownFileType = file; path = "NotoSansKR-Bold.otf"; sourceTree = "<group>"; };
		E88D58B22794FF56003A4910 /* NotoSansKR-Thin.otf */ = {isa = PBXFileReference; lastKnownFileType = file; path = "NotoSansKR-Thin.otf"; sourceTree = "<group>"; };
		E88D58B32794FF56003A4910 /* NotoSansKR-Black.otf */ = {isa = PBXFileReference; lastKnownFileType = file; path = "NotoSansKR-Black.otf"; sourceTree = "<group>"; };
		E88D58B42794FF56003A4910 /* NotoSansKR-Medium.otf */ = {isa = PBXFileReference; lastKnownFileType = file; path = "NotoSansKR-Medium.otf"; sourceTree = "<group>"; };
		E88D58B52794FF56003A4910 /* NotoSansKR-Regular.otf */ = {isa = PBXFileReference; lastKnownFileType = file; path = "NotoSansKR-Regular.otf"; sourceTree = "<group>"; };
		E88D58C02794FF89003A4910 /* ApiService.swift */ = {isa = PBXFileReference; fileEncoding = 4; lastKnownFileType = sourcecode.swift; path = ApiService.swift; sourceTree = "<group>"; };
		E88D58C4279522C9003A4910 /* ChatModel.swift */ = {isa = PBXFileReference; lastKnownFileType = sourcecode.swift; path = ChatModel.swift; sourceTree = "<group>"; };
		E88D58CE2795259B003A4910 /* ChatViewModel.swift */ = {isa = PBXFileReference; lastKnownFileType = sourcecode.swift; path = ChatViewModel.swift; sourceTree = "<group>"; };
		E88D58D0279525BE003A4910 /* ViewModelType.swift */ = {isa = PBXFileReference; lastKnownFileType = sourcecode.swift; path = ViewModelType.swift; sourceTree = "<group>"; };
		E88D58D227953059003A4910 /* ChatView.swift */ = {isa = PBXFileReference; lastKnownFileType = sourcecode.swift; path = ChatView.swift; sourceTree = "<group>"; };
		E88D58D427953065003A4910 /* ChatView.xib */ = {isa = PBXFileReference; lastKnownFileType = file.xib; path = ChatView.xib; sourceTree = "<group>"; };
		E88D58D627964917003A4910 /* ChatView+Table.swift */ = {isa = PBXFileReference; lastKnownFileType = sourcecode.swift; path = "ChatView+Table.swift"; sourceTree = "<group>"; };
		E88D58D8279693C0003A4910 /* ChatView+Scroll.swift */ = {isa = PBXFileReference; lastKnownFileType = sourcecode.swift; path = "ChatView+Scroll.swift"; sourceTree = "<group>"; };
		E88D58DA2796975F003A4910 /* ChatView+Keyboard.swift */ = {isa = PBXFileReference; lastKnownFileType = sourcecode.swift; path = "ChatView+Keyboard.swift"; sourceTree = "<group>"; };
		E88D58DF2796AE79003A4910 /* ChatView+Gesture.swift */ = {isa = PBXFileReference; lastKnownFileType = sourcecode.swift; path = "ChatView+Gesture.swift"; sourceTree = "<group>"; };
		E8CA3C532797D7BA00FE85F8 /* JoinViewModel.swift */ = {isa = PBXFileReference; lastKnownFileType = sourcecode.swift; path = JoinViewModel.swift; sourceTree = "<group>"; };
		E8CA3C552797D7C500FE85F8 /* JoinModel.swift */ = {isa = PBXFileReference; lastKnownFileType = sourcecode.swift; path = JoinModel.swift; sourceTree = "<group>"; };
		E8CA3C592797D7E600FE85F8 /* JoinView.swift */ = {isa = PBXFileReference; lastKnownFileType = sourcecode.swift; path = JoinView.swift; sourceTree = "<group>"; };
		E8CA3C5B2797D83400FE85F8 /* JoinView.xib */ = {isa = PBXFileReference; lastKnownFileType = file.xib; path = JoinView.xib; sourceTree = "<group>"; };
		E8CA3C602797E7BC00FE85F8 /* Gradient.swift */ = {isa = PBXFileReference; fileEncoding = 4; lastKnownFileType = sourcecode.swift; path = Gradient.swift; sourceTree = "<group>"; };
		E8CA3C612797E7BC00FE85F8 /* LetterSpacing.swift */ = {isa = PBXFileReference; fileEncoding = 4; lastKnownFileType = sourcecode.swift; path = LetterSpacing.swift; sourceTree = "<group>"; };
		E8CA3C622797E7BC00FE85F8 /* AddBorder.swift */ = {isa = PBXFileReference; fileEncoding = 4; lastKnownFileType = sourcecode.swift; path = AddBorder.swift; sourceTree = "<group>"; };
		E8CA3C632797E7BC00FE85F8 /* DateComparison.swift */ = {isa = PBXFileReference; fileEncoding = 4; lastKnownFileType = sourcecode.swift; path = DateComparison.swift; sourceTree = "<group>"; };
		E8CA3C682797EEFF00FE85F8 /* JoinView+Keyboard.swift */ = {isa = PBXFileReference; lastKnownFileType = sourcecode.swift; path = "JoinView+Keyboard.swift"; sourceTree = "<group>"; };
		E8CA3C6A2798D8F800FE85F8 /* JoinApiService.swift */ = {isa = PBXFileReference; fileEncoding = 4; lastKnownFileType = sourcecode.swift; path = JoinApiService.swift; sourceTree = "<group>"; };
		E8CA3C6D2798D92000FE85F8 /* ApiServiceProvider.swift */ = {isa = PBXFileReference; fileEncoding = 4; lastKnownFileType = sourcecode.swift; path = ApiServiceProvider.swift; sourceTree = "<group>"; };
		E8CA3C6E2798D92000FE85F8 /* JoinApiManager.swift */ = {isa = PBXFileReference; fileEncoding = 4; lastKnownFileType = sourcecode.swift; path = JoinApiManager.swift; sourceTree = "<group>"; };
		E8CA3C732798F1CA00FE85F8 /* JoinView+ImagePicker.swift */ = {isa = PBXFileReference; lastKnownFileType = sourcecode.swift; path = "JoinView+ImagePicker.swift"; sourceTree = "<group>"; };
		E8CA3C752798F42900FE85F8 /* getRootVC.swift */ = {isa = PBXFileReference; lastKnownFileType = sourcecode.swift; path = getRootVC.swift; sourceTree = "<group>"; };
		E8CA3C772798FA8400FE85F8 /* JoinView+Gesture.swift */ = {isa = PBXFileReference; lastKnownFileType = sourcecode.swift; path = "JoinView+Gesture.swift"; sourceTree = "<group>"; };
		E8CA3C792799151600FE85F8 /* JoinView+PickerView.swift */ = {isa = PBXFileReference; lastKnownFileType = sourcecode.swift; path = "JoinView+PickerView.swift"; sourceTree = "<group>"; };
		E8CA3C7B279915EA00FE85F8 /* JoinView+Init.swift */ = {isa = PBXFileReference; lastKnownFileType = sourcecode.swift; path = "JoinView+Init.swift"; sourceTree = "<group>"; };
		E8CA3C7D2799490A00FE85F8 /* WebViewController.swift */ = {isa = PBXFileReference; lastKnownFileType = sourcecode.swift; path = WebViewController.swift; sourceTree = "<group>"; };
/* End PBXFileReference section */

/* Begin PBXFrameworksBuildPhase section */
		E88D588A2794FC80003A4910 /* Frameworks */ = {
			isa = PBXFrameworksBuildPhase;
			buildActionMask = 2147483647;
			files = (
				5A7C1F758EA1BDA64713ECC7 /* Pods_Chatting.framework in Frameworks */,
			);
			runOnlyForDeploymentPostprocessing = 0;
		};
/* End PBXFrameworksBuildPhase section */

/* Begin PBXGroup section */
		3E56ADAA34E0B052337CBA7B /* Pods */ = {
			isa = PBXGroup;
			children = (
				213B4E9FBF39D670DA3FC778 /* Pods-Chatting.debug.xcconfig */,
				24E52B00F0A1EFEBA9136B74 /* Pods-Chatting.release.xcconfig */,
			);
			path = Pods;
			sourceTree = "<group>";
		};
		8B7EF375027349FFB9B8D541 /* Frameworks */ = {
			isa = PBXGroup;
			children = (
				97D9256B1437004C70E02304 /* Pods_Chatting.framework */,
			);
			name = Frameworks;
			sourceTree = "<group>";
		};
		E81AC38D27B1E2C4002511B8 /* DataModel */ = {
			isa = PBXGroup;
			children = (
				E88D58C4279522C9003A4910 /* ChatModel.swift */,
				E8CA3C552797D7C500FE85F8 /* JoinModel.swift */,
				E86FB4C2279F813F0076F549 /* MemberInfo.swift */,
			);
			path = DataModel;
			sourceTree = "<group>";
		};
		E86FB4A4279A7A040076F549 /* ProfileView */ = {
			isa = PBXGroup;
			children = (
				E86FB4A9279A7A2C0076F549 /* ProfileView.xib */,
				E86FB4A7279A7A220076F549 /* ProfileView.swift */,
				E86FB4AB279A81FF0076F549 /* ProfileView+Gesture.swift */,
				E86FB4AF279A9A470076F549 /* ProfileView+Init.swift */,
			);
			path = ProfileView;
			sourceTree = "<group>";
		};
		E86FB4B3279F6B3B0076F549 /* SystemChatCell */ = {
			isa = PBXGroup;
			children = (
				E86FB4B5279F6B640076F549 /* SystemChatCell.xib */,
				E86FB4B4279F6B640076F549 /* SystemChatCell.swift */,
			);
			path = SystemChatCell;
			sourceTree = "<group>";
		};
		E86FB4BE279F80E30076F549 /* Socket */ = {
			isa = PBXGroup;
			children = (
				E86FB4B8279F77560076F549 /* ChatSocketManager.swift */,
				E86FB4BA279F77910076F549 /* SocketServiceProvider.swift */,
			);
			path = Socket;
			sourceTree = "<group>";
		};
		E86FB4BF279F81010076F549 /* API */ = {
			isa = PBXGroup;
			children = (
				E8CA3C6D2798D92000FE85F8 /* ApiServiceProvider.swift */,
				E8CA3C6E2798D92000FE85F8 /* JoinApiManager.swift */,
			);
			path = API;
			sourceTree = "<group>";
		};
		E86FB4C0279F810A0076F549 /* API */ = {
			isa = PBXGroup;
			children = (
				E8CA3C6A2798D8F800FE85F8 /* JoinApiService.swift */,
				E88D58C02794FF89003A4910 /* ApiService.swift */,
			);
			path = API;
			sourceTree = "<group>";
		};
		E86FB4C1279F81180076F549 /* Socket */ = {
			isa = PBXGroup;
			children = (
				E86FB4BC279F78FA0076F549 /* SocketService.swift */,
				E86FB4F327A28CA40076F549 /* ChatSocketService.swift */,
			);
			path = Socket;
			sourceTree = "<group>";
		};
		E86FB4E627A268920076F549 /* Lottie */ = {
			isa = PBXGroup;
			children = (
				E86FB4E727A268A80076F549 /* ani_live_like_full.json */,
				E86FB4F627A3BF450076F549 /* an_like_01.webp */,
				E86FB4F527A3BF440076F549 /* an_like_02.webp */,
				E86FB4F927A3BF450076F549 /* an_like_03.webp */,
				E86FB4F727A3BF450076F549 /* an_like_04.webp */,
				E86FB4F827A3BF450076F549 /* an_like_05.webp */,
			);
			name = Lottie;
			path = Chatting/Resource/Lottie;
			sourceTree = SOURCE_ROOT;
		};
		E88D58842794FC80003A4910 = {
			isa = PBXGroup;
			children = (
				E88D588F2794FC80003A4910 /* Chatting */,
				E88D588E2794FC80003A4910 /* Products */,
				3E56ADAA34E0B052337CBA7B /* Pods */,
				8B7EF375027349FFB9B8D541 /* Frameworks */,
			);
			sourceTree = "<group>";
		};
		E88D588E2794FC80003A4910 /* Products */ = {
			isa = PBXGroup;
			children = (
				E88D588D2794FC80003A4910 /* Chatting.app */,
			);
			name = Products;
			sourceTree = "<group>";
		};
		E88D588F2794FC80003A4910 /* Chatting */ = {
			isa = PBXGroup;
			children = (
				E8CA3C5F2797E7BC00FE85F8 /* Util */,
				E88D58BE2794FF7D003A4910 /* Model */,
				E88D58BD2794FF75003A4910 /* ViewModel */,
				E88D58A52794FE32003A4910 /* View */,
				E88D58A62794FE3F003A4910 /* Controller */,
				E88D58AC2794FF31003A4910 /* Resource */,
				E88D58A42794FE24003A4910 /* AppDelegate */,
				E88D589E2794FC81003A4910 /* Info.plist */,
			);
			path = Chatting;
			sourceTree = "<group>";
		};
		E88D58A42794FE24003A4910 /* AppDelegate */ = {
			isa = PBXGroup;
			children = (
				E88D58902794FC80003A4910 /* AppDelegate.swift */,
				E88D58922794FC80003A4910 /* SceneDelegate.swift */,
			);
			path = AppDelegate;
			sourceTree = "<group>";
		};
		E88D58A52794FE32003A4910 /* View */ = {
			isa = PBXGroup;
			children = (
				E88D58A72794FEE5003A4910 /* CustomCell */,
				E88D58C327950661003A4910 /* CustomView */,
				E88D58962794FC80003A4910 /* Main.storyboard */,
				E88D589B2794FC81003A4910 /* LaunchScreen.storyboard */,
			);
			path = View;
			sourceTree = "<group>";
		};
		E88D58A62794FE3F003A4910 /* Controller */ = {
			isa = PBXGroup;
			children = (
				E8CA3C7D2799490A00FE85F8 /* WebViewController.swift */,
				E81AC33127AB5F4A002511B8 /* WebViewVC+Naver.swift */,
				E81AC38E27B1F741002511B8 /* ViewController.swift */,
			);
			path = Controller;
			sourceTree = "<group>";
		};
		E88D58A72794FEE5003A4910 /* CustomCell */ = {
			isa = PBXGroup;
			children = (
				E86FB4B3279F6B3B0076F549 /* SystemChatCell */,
				E88D58C22795064D003A4910 /* ChatCell */,
			);
			path = CustomCell;
			sourceTree = "<group>";
		};
		E88D58AC2794FF31003A4910 /* Resource */ = {
			isa = PBXGroup;
			children = (
				E86FB4E627A268920076F549 /* Lottie */,
				E88D58992794FC81003A4910 /* Assets.xcassets */,
				E88D58AD2794FF55003A4910 /* Color */,
				E88D58AF2794FF56003A4910 /* Font */,
			);
			path = Resource;
			sourceTree = "<group>";
		};
		E88D58AD2794FF55003A4910 /* Color */ = {
			isa = PBXGroup;
			children = (
				E88D58AE2794FF55003A4910 /* ColorManager.swift */,
			);
			path = Color;
			sourceTree = "<group>";
		};
		E88D58AF2794FF56003A4910 /* Font */ = {
			isa = PBXGroup;
			children = (
				E81AC38B27B0D658002511B8 /* FontManager.swift */,
				E88D58B02794FF56003A4910 /* NotoSansKR-Light.otf */,
				E88D58B12794FF56003A4910 /* NotoSansKR-Bold.otf */,
				E88D58B22794FF56003A4910 /* NotoSansKR-Thin.otf */,
				E88D58B32794FF56003A4910 /* NotoSansKR-Black.otf */,
				E88D58B42794FF56003A4910 /* NotoSansKR-Medium.otf */,
				E88D58B52794FF56003A4910 /* NotoSansKR-Regular.otf */,
			);
			path = Font;
			sourceTree = "<group>";
		};
		E88D58BD2794FF75003A4910 /* ViewModel */ = {
			isa = PBXGroup;
			children = (
				E88D58CE2795259B003A4910 /* ChatViewModel.swift */,
				E8CA3C532797D7BA00FE85F8 /* JoinViewModel.swift */,
				E86FB4AD279A997B0076F549 /* ProfileViewModel.swift */,
				E88D58D0279525BE003A4910 /* ViewModelType.swift */,
			);
			path = ViewModel;
			sourceTree = "<group>";
		};
		E88D58BE2794FF7D003A4910 /* Model */ = {
			isa = PBXGroup;
			children = (
				E81AC38D27B1E2C4002511B8 /* DataModel */,
				E8CA3C6C2798D92000FE85F8 /* Manager */,
				E88D58BF2794FF81003A4910 /* Service(Protocol) */,
			);
			path = Model;
			sourceTree = "<group>";
		};
		E88D58BF2794FF81003A4910 /* Service(Protocol) */ = {
			isa = PBXGroup;
			children = (
				E86FB4C0279F810A0076F549 /* API */,
				E86FB4C1279F81180076F549 /* Socket */,
			);
			path = "Service(Protocol)";
			sourceTree = "<group>";
		};
		E88D58C22795064D003A4910 /* ChatCell */ = {
			isa = PBXGroup;
			children = (
				E88D58A92794FEFB003A4910 /* ChatCell.xib */,
				E88D58A82794FEFB003A4910 /* ChatCell.swift */,
			);
			path = ChatCell;
			sourceTree = "<group>";
		};
		E88D58C327950661003A4910 /* CustomView */ = {
			isa = PBXGroup;
			children = (
				E86FB4A4279A7A040076F549 /* ProfileView */,
				E8CA3C522797D7AB00FE85F8 /* JoinView */,
				E88D58DC2796A271003A4910 /* ChatView */,
			);
			path = CustomView;
			sourceTree = "<group>";
		};
		E88D58DC2796A271003A4910 /* ChatView */ = {
			isa = PBXGroup;
			children = (
				E88D58D427953065003A4910 /* ChatView.xib */,
				E88D58D227953059003A4910 /* ChatView.swift */,
				E88D58D8279693C0003A4910 /* ChatView+Scroll.swift */,
				E88D58D627964917003A4910 /* ChatView+Table.swift */,
				E88D58DA2796975F003A4910 /* ChatView+Keyboard.swift */,
				E88D58DF2796AE79003A4910 /* ChatView+Gesture.swift */,
				E81AC38927B0D0D0002511B8 /* ChatView+Init.swift */,
			);
			path = ChatView;
			sourceTree = "<group>";
		};
		E8CA3C522797D7AB00FE85F8 /* JoinView */ = {
			isa = PBXGroup;
			children = (
				E8CA3C5B2797D83400FE85F8 /* JoinView.xib */,
				E8CA3C592797D7E600FE85F8 /* JoinView.swift */,
				E8CA3C682797EEFF00FE85F8 /* JoinView+Keyboard.swift */,
				E8CA3C732798F1CA00FE85F8 /* JoinView+ImagePicker.swift */,
				E8CA3C772798FA8400FE85F8 /* JoinView+Gesture.swift */,
				E8CA3C792799151600FE85F8 /* JoinView+PickerView.swift */,
				E8CA3C7B279915EA00FE85F8 /* JoinView+Init.swift */,
			);
			path = JoinView;
			sourceTree = "<group>";
		};
		E8CA3C5F2797E7BC00FE85F8 /* Util */ = {
			isa = PBXGroup;
			children = (
				E8CA3C602797E7BC00FE85F8 /* Gradient.swift */,
				E8CA3C612797E7BC00FE85F8 /* LetterSpacing.swift */,
				E8CA3C622797E7BC00FE85F8 /* AddBorder.swift */,
				E8CA3C632797E7BC00FE85F8 /* DateComparison.swift */,
				E8CA3C752798F42900FE85F8 /* getRootVC.swift */,
				E86FB4B1279AA9EA0076F549 /* roundCorner.swift */,
			);
			path = Util;
			sourceTree = "<group>";
		};
		E8CA3C6C2798D92000FE85F8 /* Manager */ = {
			isa = PBXGroup;
			children = (
				E86FB4BF279F81010076F549 /* API */,
				E86FB4BE279F80E30076F549 /* Socket */,
			);
			path = Manager;
			sourceTree = "<group>";
		};
/* End PBXGroup section */

/* Begin PBXNativeTarget section */
		E88D588C2794FC80003A4910 /* Chatting */ = {
			isa = PBXNativeTarget;
			buildConfigurationList = E88D58A12794FC81003A4910 /* Build configuration list for PBXNativeTarget "Chatting" */;
			buildPhases = (
				6341D1A39207E227C0563C9B /* [CP] Check Pods Manifest.lock */,
				E88D58892794FC80003A4910 /* Sources */,
				E88D588A2794FC80003A4910 /* Frameworks */,
				E88D588B2794FC80003A4910 /* Resources */,
				1C2CDB92EE74E389279B790A /* [CP] Embed Pods Frameworks */,
			);
			buildRules = (
			);
			dependencies = (
			);
			name = Chatting;
			productName = Chatting;
			productReference = E88D588D2794FC80003A4910 /* Chatting.app */;
			productType = "com.apple.product-type.application";
		};
/* End PBXNativeTarget section */

/* Begin PBXProject section */
		E88D58852794FC80003A4910 /* Project object */ = {
			isa = PBXProject;
			attributes = {
				BuildIndependentTargetsInParallel = 1;
				LastSwiftUpdateCheck = 1320;
				LastUpgradeCheck = 1320;
				TargetAttributes = {
					E88D588C2794FC80003A4910 = {
						CreatedOnToolsVersion = 13.2.1;
					};
				};
			};
			buildConfigurationList = E88D58882794FC80003A4910 /* Build configuration list for PBXProject "Chatting" */;
			compatibilityVersion = "Xcode 13.0";
			developmentRegion = en;
			hasScannedForEncodings = 0;
			knownRegions = (
				en,
				Base,
			);
			mainGroup = E88D58842794FC80003A4910;
			productRefGroup = E88D588E2794FC80003A4910 /* Products */;
			projectDirPath = "";
			projectRoot = "";
			targets = (
				E88D588C2794FC80003A4910 /* Chatting */,
			);
		};
/* End PBXProject section */

/* Begin PBXResourcesBuildPhase section */
		E88D588B2794FC80003A4910 /* Resources */ = {
			isa = PBXResourcesBuildPhase;
			buildActionMask = 2147483647;
			files = (
				E86FB4B7279F6B640076F549 /* SystemChatCell.xib in Resources */,
				E86FB4E827A268A80076F549 /* ani_live_like_full.json in Resources */,
				E86FB4AA279A7A2C0076F549 /* ProfileView.xib in Resources */,
				E88D589D2794FC81003A4910 /* LaunchScreen.storyboard in Resources */,
				E88D58D527953065003A4910 /* ChatView.xib in Resources */,
				E86FB4FB27A3BF450076F549 /* an_like_01.webp in Resources */,
				E88D58B92794FF56003A4910 /* NotoSansKR-Thin.otf in Resources */,
				E88D58B72794FF56003A4910 /* NotoSansKR-Light.otf in Resources */,
				E8CA3C5C2797D83400FE85F8 /* JoinView.xib in Resources */,
				E88D58BB2794FF56003A4910 /* NotoSansKR-Medium.otf in Resources */,
				E88D58BC2794FF56003A4910 /* NotoSansKR-Regular.otf in Resources */,
				E88D58AB2794FEFB003A4910 /* ChatCell.xib in Resources */,
				E86FB4FE27A3BF450076F549 /* an_like_03.webp in Resources */,
				E88D589A2794FC81003A4910 /* Assets.xcassets in Resources */,
				E88D58B82794FF56003A4910 /* NotoSansKR-Bold.otf in Resources */,
				E88D58982794FC80003A4910 /* Main.storyboard in Resources */,
				E88D58BA2794FF56003A4910 /* NotoSansKR-Black.otf in Resources */,
				E86FB4FA27A3BF450076F549 /* an_like_02.webp in Resources */,
				E86FB4FD27A3BF450076F549 /* an_like_05.webp in Resources */,
				E86FB4FC27A3BF450076F549 /* an_like_04.webp in Resources */,
			);
			runOnlyForDeploymentPostprocessing = 0;
		};
/* End PBXResourcesBuildPhase section */

/* Begin PBXShellScriptBuildPhase section */
		1C2CDB92EE74E389279B790A /* [CP] Embed Pods Frameworks */ = {
			isa = PBXShellScriptBuildPhase;
			buildActionMask = 2147483647;
			files = (
			);
			inputFileListPaths = (
				"${PODS_ROOT}/Target Support Files/Pods-Chatting/Pods-Chatting-frameworks-${CONFIGURATION}-input-files.xcfilelist",
			);
			name = "[CP] Embed Pods Frameworks";
			outputFileListPaths = (
				"${PODS_ROOT}/Target Support Files/Pods-Chatting/Pods-Chatting-frameworks-${CONFIGURATION}-output-files.xcfilelist",
			);
			runOnlyForDeploymentPostprocessing = 0;
			shellPath = /bin/sh;
			shellScript = "\"${PODS_ROOT}/Target Support Files/Pods-Chatting/Pods-Chatting-frameworks.sh\"\n";
			showEnvVarsInLog = 0;
		};
		6341D1A39207E227C0563C9B /* [CP] Check Pods Manifest.lock */ = {
			isa = PBXShellScriptBuildPhase;
			buildActionMask = 2147483647;
			files = (
			);
			inputFileListPaths = (
			);
			inputPaths = (
				"${PODS_PODFILE_DIR_PATH}/Podfile.lock",
				"${PODS_ROOT}/Manifest.lock",
			);
			name = "[CP] Check Pods Manifest.lock";
			outputFileListPaths = (
			);
			outputPaths = (
				"$(DERIVED_FILE_DIR)/Pods-Chatting-checkManifestLockResult.txt",
			);
			runOnlyForDeploymentPostprocessing = 0;
			shellPath = /bin/sh;
			shellScript = "diff \"${PODS_PODFILE_DIR_PATH}/Podfile.lock\" \"${PODS_ROOT}/Manifest.lock\" > /dev/null\nif [ $? != 0 ] ; then\n    # print error to STDERR\n    echo \"error: The sandbox is not in sync with the Podfile.lock. Run 'pod install' or update your CocoaPods installation.\" >&2\n    exit 1\nfi\n# This output is used by Xcode 'outputs' to avoid re-running this script phase.\necho \"SUCCESS\" > \"${SCRIPT_OUTPUT_FILE_0}\"\n";
			showEnvVarsInLog = 0;
		};
/* End PBXShellScriptBuildPhase section */

/* Begin PBXSourcesBuildPhase section */
		E88D58892794FC80003A4910 /* Sources */ = {
			isa = PBXSourcesBuildPhase;
			buildActionMask = 2147483647;
			files = (
				E86FB4BD279F78FA0076F549 /* SocketService.swift in Sources */,
				E8CA3C662797E7BC00FE85F8 /* AddBorder.swift in Sources */,
				E8CA3C7A2799151600FE85F8 /* JoinView+PickerView.swift in Sources */,
				E8CA3C782798FA8400FE85F8 /* JoinView+Gesture.swift in Sources */,
				E88D58B62794FF56003A4910 /* ColorManager.swift in Sources */,
				E81AC38F27B1F741002511B8 /* ViewController.swift in Sources */,
				E88D58C12794FF89003A4910 /* ApiService.swift in Sources */,
				E81AC38C27B0D658002511B8 /* FontManager.swift in Sources */,
				E86FB4C3279F813F0076F549 /* MemberInfo.swift in Sources */,
				E86FB4BB279F77910076F549 /* SocketServiceProvider.swift in Sources */,
				E86FB4B9279F77560076F549 /* ChatSocketManager.swift in Sources */,
				E88D58C5279522C9003A4910 /* ChatModel.swift in Sources */,
				E88D58D327953059003A4910 /* ChatView.swift in Sources */,
				E86FB4B0279A9A470076F549 /* ProfileView+Init.swift in Sources */,
				E8CA3C742798F1CA00FE85F8 /* JoinView+ImagePicker.swift in Sources */,
				E81AC38A27B0D0D0002511B8 /* ChatView+Init.swift in Sources */,
				E8CA3C642797E7BC00FE85F8 /* Gradient.swift in Sources */,
				E86FB4B6279F6B640076F549 /* SystemChatCell.swift in Sources */,
				E8CA3C692797EEFF00FE85F8 /* JoinView+Keyboard.swift in Sources */,
				E8CA3C6F2798D92000FE85F8 /* ApiServiceProvider.swift in Sources */,
				E88D58E02796AE79003A4910 /* ChatView+Gesture.swift in Sources */,
				E88D58D727964917003A4910 /* ChatView+Table.swift in Sources */,
				E88D58AA2794FEFB003A4910 /* ChatCell.swift in Sources */,
				E88D58912794FC80003A4910 /* AppDelegate.swift in Sources */,
				E8CA3C5A2797D7E600FE85F8 /* JoinView.swift in Sources */,
				E8CA3C542797D7BA00FE85F8 /* JoinViewModel.swift in Sources */,
				E81AC33227AB5F4A002511B8 /* WebViewVC+Naver.swift in Sources */,
				E8CA3C562797D7C500FE85F8 /* JoinModel.swift in Sources */,
				E88D58DB2796975F003A4910 /* ChatView+Keyboard.swift in Sources */,
				E8CA3C702798D92000FE85F8 /* JoinApiManager.swift in Sources */,
				E88D58D9279693C0003A4910 /* ChatView+Scroll.swift in Sources */,
				E88D58CF2795259B003A4910 /* ChatViewModel.swift in Sources */,
				E8CA3C672797E7BC00FE85F8 /* DateComparison.swift in Sources */,
				E86FB4A8279A7A220076F549 /* ProfileView.swift in Sources */,
				E86FB4AC279A81FF0076F549 /* ProfileView+Gesture.swift in Sources */,
				E8CA3C6B2798D8F800FE85F8 /* JoinApiService.swift in Sources */,
				E8CA3C762798F42900FE85F8 /* getRootVC.swift in Sources */,
				E88D58D1279525BE003A4910 /* ViewModelType.swift in Sources */,
				E88D58932794FC80003A4910 /* SceneDelegate.swift in Sources */,
				E86FB4F427A28CA40076F549 /* ChatSocketService.swift in Sources */,
				E86FB4AE279A997B0076F549 /* ProfileViewModel.swift in Sources */,
				E8CA3C7E2799490A00FE85F8 /* WebViewController.swift in Sources */,
				E86FB4B2279AA9EA0076F549 /* roundCorner.swift in Sources */,
				E8CA3C652797E7BC00FE85F8 /* LetterSpacing.swift in Sources */,
				E8CA3C7C279915EA00FE85F8 /* JoinView+Init.swift in Sources */,
			);
			runOnlyForDeploymentPostprocessing = 0;
		};
/* End PBXSourcesBuildPhase section */

/* Begin PBXVariantGroup section */
		E88D58962794FC80003A4910 /* Main.storyboard */ = {
			isa = PBXVariantGroup;
			children = (
				E88D58972794FC80003A4910 /* Base */,
			);
			name = Main.storyboard;
			sourceTree = "<group>";
		};
		E88D589B2794FC81003A4910 /* LaunchScreen.storyboard */ = {
			isa = PBXVariantGroup;
			children = (
				E88D589C2794FC81003A4910 /* Base */,
			);
			name = LaunchScreen.storyboard;
			sourceTree = "<group>";
		};
/* End PBXVariantGroup section */

/* Begin XCBuildConfiguration section */
		E88D589F2794FC81003A4910 /* Debug */ = {
			isa = XCBuildConfiguration;
			buildSettings = {
				ALWAYS_SEARCH_USER_PATHS = NO;
				CLANG_ANALYZER_NONNULL = YES;
				CLANG_ANALYZER_NUMBER_OBJECT_CONVERSION = YES_AGGRESSIVE;
				CLANG_CXX_LANGUAGE_STANDARD = "gnu++17";
				CLANG_CXX_LIBRARY = "libc++";
				CLANG_ENABLE_MODULES = YES;
				CLANG_ENABLE_OBJC_ARC = YES;
				CLANG_ENABLE_OBJC_WEAK = YES;
				CLANG_WARN_BLOCK_CAPTURE_AUTORELEASING = YES;
				CLANG_WARN_BOOL_CONVERSION = YES;
				CLANG_WARN_COMMA = YES;
				CLANG_WARN_CONSTANT_CONVERSION = YES;
				CLANG_WARN_DEPRECATED_OBJC_IMPLEMENTATIONS = YES;
				CLANG_WARN_DIRECT_OBJC_ISA_USAGE = YES_ERROR;
				CLANG_WARN_DOCUMENTATION_COMMENTS = YES;
				CLANG_WARN_EMPTY_BODY = YES;
				CLANG_WARN_ENUM_CONVERSION = YES;
				CLANG_WARN_INFINITE_RECURSION = YES;
				CLANG_WARN_INT_CONVERSION = YES;
				CLANG_WARN_NON_LITERAL_NULL_CONVERSION = YES;
				CLANG_WARN_OBJC_IMPLICIT_RETAIN_SELF = YES;
				CLANG_WARN_OBJC_LITERAL_CONVERSION = YES;
				CLANG_WARN_OBJC_ROOT_CLASS = YES_ERROR;
				CLANG_WARN_QUOTED_INCLUDE_IN_FRAMEWORK_HEADER = YES;
				CLANG_WARN_RANGE_LOOP_ANALYSIS = YES;
				CLANG_WARN_STRICT_PROTOTYPES = YES;
				CLANG_WARN_SUSPICIOUS_MOVE = YES;
				CLANG_WARN_UNGUARDED_AVAILABILITY = YES_AGGRESSIVE;
				CLANG_WARN_UNREACHABLE_CODE = YES;
				CLANG_WARN__DUPLICATE_METHOD_MATCH = YES;
				COPY_PHASE_STRIP = NO;
				DEBUG_INFORMATION_FORMAT = dwarf;
				ENABLE_STRICT_OBJC_MSGSEND = YES;
				ENABLE_TESTABILITY = YES;
				GCC_C_LANGUAGE_STANDARD = gnu11;
				GCC_DYNAMIC_NO_PIC = NO;
				GCC_NO_COMMON_BLOCKS = YES;
				GCC_OPTIMIZATION_LEVEL = 0;
				GCC_PREPROCESSOR_DEFINITIONS = (
					"DEBUG=1",
					"$(inherited)",
				);
				GCC_WARN_64_TO_32_BIT_CONVERSION = YES;
				GCC_WARN_ABOUT_RETURN_TYPE = YES_ERROR;
				GCC_WARN_UNDECLARED_SELECTOR = YES;
				GCC_WARN_UNINITIALIZED_AUTOS = YES_AGGRESSIVE;
				GCC_WARN_UNUSED_FUNCTION = YES;
				GCC_WARN_UNUSED_VARIABLE = YES;
				IPHONEOS_DEPLOYMENT_TARGET = 12.0;
				MTL_ENABLE_DEBUG_INFO = INCLUDE_SOURCE;
				MTL_FAST_MATH = YES;
				ONLY_ACTIVE_ARCH = YES;
				SDKROOT = iphoneos;
				SWIFT_ACTIVE_COMPILATION_CONDITIONS = DEBUG;
				SWIFT_OPTIMIZATION_LEVEL = "-Onone";
			};
			name = Debug;
		};
		E88D58A02794FC81003A4910 /* Release */ = {
			isa = XCBuildConfiguration;
			buildSettings = {
				ALWAYS_SEARCH_USER_PATHS = NO;
				CLANG_ANALYZER_NONNULL = YES;
				CLANG_ANALYZER_NUMBER_OBJECT_CONVERSION = YES_AGGRESSIVE;
				CLANG_CXX_LANGUAGE_STANDARD = "gnu++17";
				CLANG_CXX_LIBRARY = "libc++";
				CLANG_ENABLE_MODULES = YES;
				CLANG_ENABLE_OBJC_ARC = YES;
				CLANG_ENABLE_OBJC_WEAK = YES;
				CLANG_WARN_BLOCK_CAPTURE_AUTORELEASING = YES;
				CLANG_WARN_BOOL_CONVERSION = YES;
				CLANG_WARN_COMMA = YES;
				CLANG_WARN_CONSTANT_CONVERSION = YES;
				CLANG_WARN_DEPRECATED_OBJC_IMPLEMENTATIONS = YES;
				CLANG_WARN_DIRECT_OBJC_ISA_USAGE = YES_ERROR;
				CLANG_WARN_DOCUMENTATION_COMMENTS = YES;
				CLANG_WARN_EMPTY_BODY = YES;
				CLANG_WARN_ENUM_CONVERSION = YES;
				CLANG_WARN_INFINITE_RECURSION = YES;
				CLANG_WARN_INT_CONVERSION = YES;
				CLANG_WARN_NON_LITERAL_NULL_CONVERSION = YES;
				CLANG_WARN_OBJC_IMPLICIT_RETAIN_SELF = YES;
				CLANG_WARN_OBJC_LITERAL_CONVERSION = YES;
				CLANG_WARN_OBJC_ROOT_CLASS = YES_ERROR;
				CLANG_WARN_QUOTED_INCLUDE_IN_FRAMEWORK_HEADER = YES;
				CLANG_WARN_RANGE_LOOP_ANALYSIS = YES;
				CLANG_WARN_STRICT_PROTOTYPES = YES;
				CLANG_WARN_SUSPICIOUS_MOVE = YES;
				CLANG_WARN_UNGUARDED_AVAILABILITY = YES_AGGRESSIVE;
				CLANG_WARN_UNREACHABLE_CODE = YES;
				CLANG_WARN__DUPLICATE_METHOD_MATCH = YES;
				COPY_PHASE_STRIP = NO;
				DEBUG_INFORMATION_FORMAT = "dwarf-with-dsym";
				ENABLE_NS_ASSERTIONS = NO;
				ENABLE_STRICT_OBJC_MSGSEND = YES;
				GCC_C_LANGUAGE_STANDARD = gnu11;
				GCC_NO_COMMON_BLOCKS = YES;
				GCC_WARN_64_TO_32_BIT_CONVERSION = YES;
				GCC_WARN_ABOUT_RETURN_TYPE = YES_ERROR;
				GCC_WARN_UNDECLARED_SELECTOR = YES;
				GCC_WARN_UNINITIALIZED_AUTOS = YES_AGGRESSIVE;
				GCC_WARN_UNUSED_FUNCTION = YES;
				GCC_WARN_UNUSED_VARIABLE = YES;
				IPHONEOS_DEPLOYMENT_TARGET = 12.0;
				MTL_ENABLE_DEBUG_INFO = NO;
				MTL_FAST_MATH = YES;
				SDKROOT = iphoneos;
				SWIFT_COMPILATION_MODE = wholemodule;
				SWIFT_OPTIMIZATION_LEVEL = "-O";
				VALIDATE_PRODUCT = YES;
			};
			name = Release;
		};
		E88D58A22794FC81003A4910 /* Debug */ = {
			isa = XCBuildConfiguration;
			baseConfigurationReference = 213B4E9FBF39D670DA3FC778 /* Pods-Chatting.debug.xcconfig */;
			buildSettings = {
				ASSETCATALOG_COMPILER_APPICON_NAME = AppIcon;
				ASSETCATALOG_COMPILER_GLOBAL_ACCENT_COLOR_NAME = AccentColor;
				CODE_SIGN_STYLE = Automatic;
				CURRENT_PROJECT_VERSION = 1;
				DEVELOPMENT_TEAM = 7ZK7Q3JHK4;
				GENERATE_INFOPLIST_FILE = YES;
				INFOPLIST_FILE = Chatting/Info.plist;
				INFOPLIST_KEY_UIApplicationSupportsIndirectInputEvents = YES;
				INFOPLIST_KEY_UILaunchStoryboardName = LaunchScreen;
				INFOPLIST_KEY_UIMainStoryboardFile = Main;
				INFOPLIST_KEY_UISupportedInterfaceOrientations_iPad = "UIInterfaceOrientationPortrait UIInterfaceOrientationPortraitUpsideDown UIInterfaceOrientationLandscapeLeft UIInterfaceOrientationLandscapeRight";
				INFOPLIST_KEY_UISupportedInterfaceOrientations_iPhone = "UIInterfaceOrientationPortrait UIInterfaceOrientationLandscapeLeft UIInterfaceOrientationLandscapeRight";
				LD_RUNPATH_SEARCH_PATHS = (
					"$(inherited)",
					"@executable_path/Frameworks",
				);
				MARKETING_VERSION = 1.0;
				PRODUCT_BUNDLE_IDENTIFIER = com.yeoboya.Chatting;
				PRODUCT_NAME = "$(TARGET_NAME)";
				SWIFT_EMIT_LOC_STRINGS = YES;
				SWIFT_VERSION = 5.0;
				TARGETED_DEVICE_FAMILY = "1,2";
			};
			name = Debug;
		};
		E88D58A32794FC81003A4910 /* Release */ = {
			isa = XCBuildConfiguration;
			baseConfigurationReference = 24E52B00F0A1EFEBA9136B74 /* Pods-Chatting.release.xcconfig */;
			buildSettings = {
				ASSETCATALOG_COMPILER_APPICON_NAME = AppIcon;
				ASSETCATALOG_COMPILER_GLOBAL_ACCENT_COLOR_NAME = AccentColor;
				CODE_SIGN_STYLE = Automatic;
				CURRENT_PROJECT_VERSION = 1;
				DEVELOPMENT_TEAM = 7ZK7Q3JHK4;
				GENERATE_INFOPLIST_FILE = YES;
				INFOPLIST_FILE = Chatting/Info.plist;
				INFOPLIST_KEY_UIApplicationSupportsIndirectInputEvents = YES;
				INFOPLIST_KEY_UILaunchStoryboardName = LaunchScreen;
				INFOPLIST_KEY_UIMainStoryboardFile = Main;
				INFOPLIST_KEY_UISupportedInterfaceOrientations_iPad = "UIInterfaceOrientationPortrait UIInterfaceOrientationPortraitUpsideDown UIInterfaceOrientationLandscapeLeft UIInterfaceOrientationLandscapeRight";
				INFOPLIST_KEY_UISupportedInterfaceOrientations_iPhone = "UIInterfaceOrientationPortrait UIInterfaceOrientationLandscapeLeft UIInterfaceOrientationLandscapeRight";
				LD_RUNPATH_SEARCH_PATHS = (
					"$(inherited)",
					"@executable_path/Frameworks",
				);
				MARKETING_VERSION = 1.0;
				PRODUCT_BUNDLE_IDENTIFIER = com.yeoboya.Chatting;
				PRODUCT_NAME = "$(TARGET_NAME)";
				SWIFT_EMIT_LOC_STRINGS = YES;
				SWIFT_VERSION = 5.0;
				TARGETED_DEVICE_FAMILY = "1,2";
			};
			name = Release;
		};
/* End XCBuildConfiguration section */

/* Begin XCConfigurationList section */
		E88D58882794FC80003A4910 /* Build configuration list for PBXProject "Chatting" */ = {
			isa = XCConfigurationList;
			buildConfigurations = (
				E88D589F2794FC81003A4910 /* Debug */,
				E88D58A02794FC81003A4910 /* Release */,
			);
			defaultConfigurationIsVisible = 0;
			defaultConfigurationName = Release;
		};
		E88D58A12794FC81003A4910 /* Build configuration list for PBXNativeTarget "Chatting" */ = {
			isa = XCConfigurationList;
			buildConfigurations = (
				E88D58A22794FC81003A4910 /* Debug */,
				E88D58A32794FC81003A4910 /* Release */,
			);
			defaultConfigurationIsVisible = 0;
			defaultConfigurationName = Release;
		};
/* End XCConfigurationList section */
	};
	rootObject = E88D58852794FC80003A4910 /* Project object */;
}
